
Microsoft Visual Studio Solution File, Format Version 12.00
# Visual Studio Version 16
VisualStudioVersion = 16.0.29001.49
MinimumVisualStudioVersion = 10.0.40219.1
Project("{9A19103F-16F7-4668-BE54-9A1E7A4F7556}") = "asn1sharp", "asn1sharp\asn1sharp.csproj", "{96DB2A3F-EEAE-4426-B411-EB6EC57090CC}"
EndProject
Project("{9A19103F-16F7-4668-BE54-9A1E7A4F7556}") = "asn1sharp.Test", "asn1sharp.Test\asn1sharp.Test.csproj", "{6CCFF7FC-3950-4F1D-8662-667E662BB22A}"
EndProject
Project("{2150E333-8FDC-42A3-9474-1A3956D46DE8}") = "build", "build", "{745B0E4F-C8D6-4346-B715-269BA777F8E5}"
	ProjectSection(SolutionItems) = preProject
		.travis.yml = .travis.yml
		deploy.sh = deploy.sh
		Version.txt = Version.txt
	EndProjectSection
EndProject
Project("{9A19103F-16F7-4668-BE54-9A1E7A4F7556}") = "asn1sharp.visual", "asn1sharp.visual\asn1sharp.visual.csproj", "{ABB23A7C-495A-445F-B889-2903AA30ABD1}"
EndProject
Project("{FAE04EC0-301F-11D3-BF4B-00C04F79EFBC}") = "asn1sharp.visual.Test", "asn1sharp.visual.Test\asn1sharp.visual.Test.csproj", "{A69D81DB-D2D9-4306-B310-EEEC7C6CA852}"
EndProject
Global
	GlobalSection(SolutionConfigurationPlatforms) = preSolution
		Debug|Any CPU = Debug|Any CPU
		Release|Any CPU = Release|Any CPU
	EndGlobalSection
	GlobalSection(ProjectConfigurationPlatforms) = postSolution
		{96DB2A3F-EEAE-4426-B411-EB6EC57090CC}.Debug|Any CPU.ActiveCfg = Debug|Any CPU
		{96DB2A3F-EEAE-4426-B411-EB6EC57090CC}.Debug|Any CPU.Build.0 = Debug|Any CPU
		{96DB2A3F-EEAE-4426-B411-EB6EC57090CC}.Release|Any CPU.ActiveCfg = Release|Any CPU
		{96DB2A3F-EEAE-4426-B411-EB6EC57090CC}.Release|Any CPU.Build.0 = Release|Any CPU
		{6CCFF7FC-3950-4F1D-8662-667E662BB22A}.Debug|Any CPU.ActiveCfg = Debug|Any CPU
		{6CCFF7FC-3950-4F1D-8662-667E662BB22A}.Debug|Any CPU.Build.0 = Debug|Any CPU
		{6CCFF7FC-3950-4F1D-8662-667E662BB22A}.Release|Any CPU.ActiveCfg = Release|Any CPU
		{6CCFF7FC-3950-4F1D-8662-667E662BB22A}.Release|Any CPU.Build.0 = Release|Any CPU
		{ABB23A7C-495A-445F-B889-2903AA30ABD1}.Debug|Any CPU.ActiveCfg = Debug|Any CPU
		{ABB23A7C-495A-445F-B889-2903AA30ABD1}.Debug|Any CPU.Build.0 = Debug|Any CPU
		{ABB23A7C-495A-445F-B889-2903AA30ABD1}.Release|Any CPU.ActiveCfg = Release|Any CPU
		{ABB23A7C-495A-445F-B889-2903AA30ABD1}.Release|Any CPU.Build.0 = Release|Any CPU
		{A69D81DB-D2D9-4306-B310-EEEC7C6CA852}.Debug|Any CPU.ActiveCfg = Debug|Any CPU
		{A69D81DB-D2D9-4306-B310-EEEC7C6CA852}.Debug|Any CPU.Build.0 = Debug|Any CPU
		{A69D81DB-D2D9-4306-B310-EEEC7C6CA852}.Release|Any CPU.ActiveCfg = Release|Any CPU
		{A69D81DB-D2D9-4306-B310-EEEC7C6CA852}.Release|Any CPU.Build.0 = Release|Any CPU
	EndGlobalSection
	GlobalSection(SolutionProperties) = preSolution
		HideSolutionNode = FALSE
	EndGlobalSection
	GlobalSection(ExtensibilityGlobals) = postSolution
		SolutionGuid = {CC77C849-E8EE-47D8-9819-E8A0633DC72C}
	EndGlobalSection
EndGlobal
